# This file was autogenerated by Stack.
# You should not edit this file by hand.
# For more information, please see the documentation at:
#   https://docs.haskellstack.org/en/stable/lock_files

packages:
- completed:
    hackage: base-noprelude-4.12.0.0@sha256:dcd5ece10257f79fa16e207d558b31ab3467b205adae5d1976abdee28b1c8b4a,6845
    pantry-tree:
      size: 158
      sha256: 1e4118716a2078385341d7df2f876b616744c3a8f945247766e60f48e32b3d1d
  original:
    hackage: base-noprelude-4.12.0.0
- completed:
    hackage: relude-0.6.0.0@sha256:094ad587b28fa8dcc78fd0fba8927b970e5e4a9bb10a3126c0ca32a7ee61f3ca,8681
    pantry-tree:
      size: 4101
      sha256: 79a99fd25ca55b12910780ed52fa60f3b19d97be03cb6ad5ad96abaf4f428478
  original:
    hackage: relude-0.6.0.0
- completed:
    hackage: base64-0.3.1.1@sha256:49928f5691e41e09f12ab22e4de2d2fb2ab05eef64bee613b6379d74a8da8658,2386
    pantry-tree:
      size: 752
      sha256: 9a9cdf111978078f182b3197ef2099c2c534c329b9a387e0c069d731352066a3
  original:
    hackage: base64-0.3.1.1@sha256:49928f5691e41e09f12ab22e4de2d2fb2ab05eef64bee613b6379d74a8da8658,2386
- completed:
    hackage: base64-lens-0.1.0.3@sha256:72ea1bd8dc6490dd2570ebe3334919eb1af7a626a7dd9d93592591a7efcebde2,1720
    pantry-tree:
      size: 466
      sha256: 1e9c9462788b1a2d4510fc1c3a695a8d3845474e3fb97874e11c4a69e9eb4323
  original:
    hackage: base64-lens-0.1.0.3@sha256:72ea1bd8dc6490dd2570ebe3334919eb1af7a626a7dd9d93592591a7efcebde2,1720
snapshots:
- completed:
    size: 497510
    url: https://raw.githubusercontent.com/commercialhaskell/stackage-snapshots/master/lts/13/16.yaml
    sha256: 3e56dd069db766f8e4c0a61ba49611e549c8b7757369fe1a063d1c33548790ac
  original: lts-13.16
